
Microsoft Visual Studio Solution File, Format Version 12.00
# Visual Studio Version 17
VisualStudioVersion = 17.3.32929.385
MinimumVisualStudioVersion = 10.0.40219.1
Project("{FAE04EC0-301F-11D3-BF4B-00C04F79EFBC}") = "SupermercadoUwu", "SupermercadoUwu\SupermercadoUwu.csproj", "{1ADD963A-616F-4D5B-A82B-8666D193E2E0}"
EndProject
Global
	GlobalSection(SolutionConfigurationPlatforms) = preSolution
		Debug|Any CPU = Debug|Any CPU
		Release|Any CPU = Release|Any CPU
	EndGlobalSection
	GlobalSection(ProjectConfigurationPlatforms) = postSolution
		{1ADD963A-616F-4D5B-A82B-8666D193E2E0}.Debug|Any CPU.ActiveCfg = Debug|Any CPU
		{1ADD963A-616F-4D5B-A82B-8666D193E2E0}.Debug|Any CPU.Build.0 = Debug|Any CPU
		{1ADD963A-616F-4D5B-A82B-8666D193E2E0}.Release|Any CPU.ActiveCfg = Release|Any CPU
		{1ADD963A-616F-4D5B-A82B-8666D193E2E0}.Release|Any CPU.Build.0 = Release|Any CPU
	EndGlobalSection
	GlobalSection(SolutionProperties) = preSolution
		HideSolutionNode = FALSE
	EndGlobalSection
	GlobalSection(ExtensibilityGlobals) = postSolution
		SolutionGuid = {4DA20E9F-1B0D-4550-965C-6AEC0DFBBD9E}
	EndGlobalSection
EndGlobal
